
Microsoft Visual Studio Solution File, Format Version 12.00
# Visual Studio 2013
VisualStudioVersion = 12.0.21005.1
MinimumVisualStudioVersion = 10.0.40219.1
Project("{FAE04EC0-301F-11D3-BF4B-00C04F79EFBC}") = "ClockObserver", "01.Observer\ClockObserver\ClockObserver.csproj", "{2FDF9565-1441-45F3-9A3A-DD3746E5BFDD}"
EndProject
Project("{FAE04EC0-301F-11D3-BF4B-00C04F79EFBC}") = "ClockObserverUnitTest", "01.Observer\ClockObserverUnitTest\ClockObserverUnitTest.csproj", "{1304B92E-930E-40E7-BF78-E7A022AB54E0}"
EndProject
Project("{FAE04EC0-301F-11D3-BF4B-00C04F79EFBC}") = "AbstractServer", "02.AbstractServer\AbstractServer\AbstractServer.csproj", "{4FB06741-B3A5-4DD9-96DB-13F443CEC8C6}"
EndProject
Project("{FAE04EC0-301F-11D3-BF4B-00C04F79EFBC}") = "AbstractServerUnitTest", "02.AbstractServer\AbstractServerUnitTest\AbstractServerUnitTest.csproj", "{8CFF1A56-89E9-4934-93E4-CB5CCFD449A5}"
EndProject
Project("{FAE04EC0-301F-11D3-BF4B-00C04F79EFBC}") = "Adapter", "03.Adapter\Adapter\Adapter.csproj", "{1665A7E4-DBE7-456B-BA10-E360FC64AE80}"
EndProject
Project("{FAE04EC0-301F-11D3-BF4B-00C04F79EFBC}") = "AdapterUnitTest", "03.Adapter\AdapterUnitTest\AdapterUnitTest.csproj", "{F33794A1-84AF-4432-8725-B868B9F75816}"
EndProject
Project("{FAE04EC0-301F-11D3-BF4B-00C04F79EFBC}") = "Proxy", "04.Proxy\Proxy\Proxy.csproj", "{62CFC6E0-55A1-47AB-A7AB-4103848E9A4A}"
EndProject
Project("{FAE04EC0-301F-11D3-BF4B-00C04F79EFBC}") = "ProxyUnitTest", "04.Proxy\ProxyUnitTest\ProxyUnitTest.csproj", "{6C0A9D42-7B3E-4B34-B62C-292BC6CB8A5A}"
EndProject
Global
	GlobalSection(SolutionConfigurationPlatforms) = preSolution
		Debug|Any CPU = Debug|Any CPU
		Release|Any CPU = Release|Any CPU
	EndGlobalSection
	GlobalSection(ProjectConfigurationPlatforms) = postSolution
		{2FDF9565-1441-45F3-9A3A-DD3746E5BFDD}.Debug|Any CPU.ActiveCfg = Debug|Any CPU
		{2FDF9565-1441-45F3-9A3A-DD3746E5BFDD}.Debug|Any CPU.Build.0 = Debug|Any CPU
		{2FDF9565-1441-45F3-9A3A-DD3746E5BFDD}.Release|Any CPU.ActiveCfg = Release|Any CPU
		{2FDF9565-1441-45F3-9A3A-DD3746E5BFDD}.Release|Any CPU.Build.0 = Release|Any CPU
		{1304B92E-930E-40E7-BF78-E7A022AB54E0}.Debug|Any CPU.ActiveCfg = Debug|Any CPU
		{1304B92E-930E-40E7-BF78-E7A022AB54E0}.Debug|Any CPU.Build.0 = Debug|Any CPU
		{1304B92E-930E-40E7-BF78-E7A022AB54E0}.Release|Any CPU.ActiveCfg = Release|Any CPU
		{1304B92E-930E-40E7-BF78-E7A022AB54E0}.Release|Any CPU.Build.0 = Release|Any CPU
		{4FB06741-B3A5-4DD9-96DB-13F443CEC8C6}.Debug|Any CPU.ActiveCfg = Debug|Any CPU
		{4FB06741-B3A5-4DD9-96DB-13F443CEC8C6}.Debug|Any CPU.Build.0 = Debug|Any CPU
		{4FB06741-B3A5-4DD9-96DB-13F443CEC8C6}.Release|Any CPU.ActiveCfg = Release|Any CPU
		{4FB06741-B3A5-4DD9-96DB-13F443CEC8C6}.Release|Any CPU.Build.0 = Release|Any CPU
		{8CFF1A56-89E9-4934-93E4-CB5CCFD449A5}.Debug|Any CPU.ActiveCfg = Debug|Any CPU
		{8CFF1A56-89E9-4934-93E4-CB5CCFD449A5}.Debug|Any CPU.Build.0 = Debug|Any CPU
		{8CFF1A56-89E9-4934-93E4-CB5CCFD449A5}.Release|Any CPU.ActiveCfg = Release|Any CPU
		{8CFF1A56-89E9-4934-93E4-CB5CCFD449A5}.Release|Any CPU.Build.0 = Release|Any CPU
		{1665A7E4-DBE7-456B-BA10-E360FC64AE80}.Debug|Any CPU.ActiveCfg = Debug|Any CPU
		{1665A7E4-DBE7-456B-BA10-E360FC64AE80}.Debug|Any CPU.Build.0 = Debug|Any CPU
		{1665A7E4-DBE7-456B-BA10-E360FC64AE80}.Release|Any CPU.ActiveCfg = Release|Any CPU
		{1665A7E4-DBE7-456B-BA10-E360FC64AE80}.Release|Any CPU.Build.0 = Release|Any CPU
		{F33794A1-84AF-4432-8725-B868B9F75816}.Debug|Any CPU.ActiveCfg = Debug|Any CPU
		{F33794A1-84AF-4432-8725-B868B9F75816}.Debug|Any CPU.Build.0 = Debug|Any CPU
		{F33794A1-84AF-4432-8725-B868B9F75816}.Release|Any CPU.ActiveCfg = Release|Any CPU
		{F33794A1-84AF-4432-8725-B868B9F75816}.Release|Any CPU.Build.0 = Release|Any CPU
		{62CFC6E0-55A1-47AB-A7AB-4103848E9A4A}.Debug|Any CPU.ActiveCfg = Debug|Any CPU
		{62CFC6E0-55A1-47AB-A7AB-4103848E9A4A}.Debug|Any CPU.Build.0 = Debug|Any CPU
		{62CFC6E0-55A1-47AB-A7AB-4103848E9A4A}.Release|Any CPU.ActiveCfg = Release|Any CPU
		{62CFC6E0-55A1-47AB-A7AB-4103848E9A4A}.Release|Any CPU.Build.0 = Release|Any CPU
		{6C0A9D42-7B3E-4B34-B62C-292BC6CB8A5A}.Debug|Any CPU.ActiveCfg = Debug|Any CPU
		{6C0A9D42-7B3E-4B34-B62C-292BC6CB8A5A}.Debug|Any CPU.Build.0 = Debug|Any CPU
		{6C0A9D42-7B3E-4B34-B62C-292BC6CB8A5A}.Release|Any CPU.ActiveCfg = Release|Any CPU
		{6C0A9D42-7B3E-4B34-B62C-292BC6CB8A5A}.Release|Any CPU.Build.0 = Release|Any CPU
	EndGlobalSection
	GlobalSection(SolutionProperties) = preSolution
		HideSolutionNode = FALSE
	EndGlobalSection
EndGlobal
