
Microsoft Visual Studio Solution File, Format Version 12.00
# Visual Studio 2013
VisualStudioVersion = 12.0.21005.1
MinimumVisualStudioVersion = 10.0.40219.1
Project("{FAE04EC0-301F-11D3-BF4B-00C04F79EFBC}") = "ClockObserver", "01.Observer\ClockObserver\ClockObserver.csproj", "{2FDF9565-1441-45F3-9A3A-DD3746E5BFDD}"
EndProject
Project("{FAE04EC0-301F-11D3-BF4B-00C04F79EFBC}") = "AbstractServer", "02.AbstractServer\AbstractServer\AbstractServer.csproj", "{4FB06741-B3A5-4DD9-96DB-13F443CEC8C6}"
EndProject
Project("{FAE04EC0-301F-11D3-BF4B-00C04F79EFBC}") = "Adapter", "03.Adapter\Adapter\Adapter.csproj", "{1665A7E4-DBE7-456B-BA10-E360FC64AE80}"
EndProject
Project("{FAE04EC0-301F-11D3-BF4B-00C04F79EFBC}") = "Proxy", "04.Proxy\Proxy\Proxy.csproj", "{62CFC6E0-55A1-47AB-A7AB-4103848E9A4A}"
EndProject
Project("{FAE04EC0-301F-11D3-BF4B-00C04F79EFBC}") = "ProxyDemo2", "04.Proxy\ProxyDemo2\ProxyDemo2.csproj", "{2B322869-36FE-4E57-85AB-8BF6D3001FC0}"
EndProject
Global
	GlobalSection(SolutionConfigurationPlatforms) = preSolution
		Debug|Any CPU = Debug|Any CPU
		Release|Any CPU = Release|Any CPU
	EndGlobalSection
	GlobalSection(ProjectConfigurationPlatforms) = postSolution
		{2FDF9565-1441-45F3-9A3A-DD3746E5BFDD}.Debug|Any CPU.ActiveCfg = Debug|Any CPU
		{2FDF9565-1441-45F3-9A3A-DD3746E5BFDD}.Debug|Any CPU.Build.0 = Debug|Any CPU
		{2FDF9565-1441-45F3-9A3A-DD3746E5BFDD}.Release|Any CPU.ActiveCfg = Release|Any CPU
		{2FDF9565-1441-45F3-9A3A-DD3746E5BFDD}.Release|Any CPU.Build.0 = Release|Any CPU
		{4FB06741-B3A5-4DD9-96DB-13F443CEC8C6}.Debug|Any CPU.ActiveCfg = Debug|Any CPU
		{4FB06741-B3A5-4DD9-96DB-13F443CEC8C6}.Debug|Any CPU.Build.0 = Debug|Any CPU
		{4FB06741-B3A5-4DD9-96DB-13F443CEC8C6}.Release|Any CPU.ActiveCfg = Release|Any CPU
		{4FB06741-B3A5-4DD9-96DB-13F443CEC8C6}.Release|Any CPU.Build.0 = Release|Any CPU
		{1665A7E4-DBE7-456B-BA10-E360FC64AE80}.Debug|Any CPU.ActiveCfg = Debug|Any CPU
		{1665A7E4-DBE7-456B-BA10-E360FC64AE80}.Debug|Any CPU.Build.0 = Debug|Any CPU
		{1665A7E4-DBE7-456B-BA10-E360FC64AE80}.Release|Any CPU.ActiveCfg = Release|Any CPU
		{1665A7E4-DBE7-456B-BA10-E360FC64AE80}.Release|Any CPU.Build.0 = Release|Any CPU
		{62CFC6E0-55A1-47AB-A7AB-4103848E9A4A}.Debug|Any CPU.ActiveCfg = Debug|Any CPU
		{62CFC6E0-55A1-47AB-A7AB-4103848E9A4A}.Debug|Any CPU.Build.0 = Debug|Any CPU
		{62CFC6E0-55A1-47AB-A7AB-4103848E9A4A}.Release|Any CPU.ActiveCfg = Release|Any CPU
		{62CFC6E0-55A1-47AB-A7AB-4103848E9A4A}.Release|Any CPU.Build.0 = Release|Any CPU
		{2B322869-36FE-4E57-85AB-8BF6D3001FC0}.Debug|Any CPU.ActiveCfg = Debug|Any CPU
		{2B322869-36FE-4E57-85AB-8BF6D3001FC0}.Debug|Any CPU.Build.0 = Debug|Any CPU
		{2B322869-36FE-4E57-85AB-8BF6D3001FC0}.Release|Any CPU.ActiveCfg = Release|Any CPU
		{2B322869-36FE-4E57-85AB-8BF6D3001FC0}.Release|Any CPU.Build.0 = Release|Any CPU
	EndGlobalSection
	GlobalSection(SolutionProperties) = preSolution
		HideSolutionNode = FALSE
	EndGlobalSection
EndGlobal
